
Microsoft Visual Studio Solution File, Format Version 12.00
# Visual Studio 15
VisualStudioVersion = 15.0.26730.12
MinimumVisualStudioVersion = 10.0.40219.1
Project("{FAE04EC0-301F-11D3-BF4B-00C04F79EFBC}") = "UsbPrnControl", "CS_USB_Example\UsbPrnControl.csproj", "{C5E37433-5DAE-4CBE-BE5D-F883BD1ABA88}"
EndProject
Global
	GlobalSection(SolutionConfigurationPlatforms) = preSolution
		Debug|Any CPU = Debug|Any CPU
		Debug|x64 = Debug|x64
		Release|Any CPU = Release|Any CPU
		Release|x64 = Release|x64
	EndGlobalSection
	GlobalSection(ProjectConfigurationPlatforms) = postSolution
		{C5E37433-5DAE-4CBE-BE5D-F883BD1ABA88}.Debug|Any CPU.ActiveCfg = Release|Any CPU
		{C5E37433-5DAE-4CBE-BE5D-F883BD1ABA88}.Debug|Any CPU.Build.0 = Release|Any CPU
		{C5E37433-5DAE-4CBE-BE5D-F883BD1ABA88}.Debug|x64.ActiveCfg = Release|x64
		{C5E37433-5DAE-4CBE-BE5D-F883BD1ABA88}.Debug|x64.Build.0 = Release|x64
		{C5E37433-5DAE-4CBE-BE5D-F883BD1ABA88}.Release|Any CPU.ActiveCfg = Release|Any CPU
		{C5E37433-5DAE-4CBE-BE5D-F883BD1ABA88}.Release|Any CPU.Build.0 = Release|Any CPU
		{C5E37433-5DAE-4CBE-BE5D-F883BD1ABA88}.Release|x64.ActiveCfg = Release|x64
		{C5E37433-5DAE-4CBE-BE5D-F883BD1ABA88}.Release|x64.Build.0 = Release|x64
	EndGlobalSection
	GlobalSection(SolutionProperties) = preSolution
		HideSolutionNode = FALSE
	EndGlobalSection
	GlobalSection(ExtensibilityGlobals) = postSolution
		SolutionGuid = {890BCF17-7226-4757-9DF5-F33B9B09E67B}
	EndGlobalSection
EndGlobal
